// !$*UTF8*$!
{
	archiveVersion = 1;
	classes = {
	};
	objectVersion = 56;
	objects = {

/* Begin PBXBuildFile section */
		6839DEF92A7FC99A008B3FC7 /* AppDelegate.swift in Sources */ = {isa = PBXBuildFile; fileRef = 6839DEF82A7FC99A008B3FC7 /* AppDelegate.swift */; };
		6839DEFB2A7FC99A008B3FC7 /* SceneDelegate.swift in Sources */ = {isa = PBXBuildFile; fileRef = 6839DEFA2A7FC99A008B3FC7 /* SceneDelegate.swift */; };
		6839DEFD2A7FC99A008B3FC7 /* ViewController.swift in Sources */ = {isa = PBXBuildFile; fileRef = 6839DEFC2A7FC99A008B3FC7 /* ViewController.swift */; };
		6839DF002A7FC99A008B3FC7 /* Main.storyboard in Resources */ = {isa = PBXBuildFile; fileRef = 6839DEFE2A7FC99A008B3FC7 /* Main.storyboard */; };
		6839DF022A7FC99B008B3FC7 /* Assets.xcassets in Resources */ = {isa = PBXBuildFile; fileRef = 6839DF012A7FC99B008B3FC7 /* Assets.xcassets */; };
		6839DF052A7FC99B008B3FC7 /* LaunchScreen.storyboard in Resources */ = {isa = PBXBuildFile; fileRef = 6839DF032A7FC99B008B3FC7 /* LaunchScreen.storyboard */; };
		6839DF0D2A7FD0A9008B3FC7 /* BasicView.swift in Sources */ = {isa = PBXBuildFile; fileRef = 6839DF0C2A7FD0A9008B3FC7 /* BasicView.swift */; };
		6839DF0F2A7FD0BA008B3FC7 /* Example1View.swift in Sources */ = {isa = PBXBuildFile; fileRef = 6839DF0E2A7FD0BA008B3FC7 /* Example1View.swift */; };
		6839DF112A7FD187008B3FC7 /* BaseViewController.swift in Sources */ = {isa = PBXBuildFile; fileRef = 6839DF102A7FD187008B3FC7 /* BaseViewController.swift */; };
		6839DF132A7FD1B6008B3FC7 /* TestViewController.swift in Sources */ = {isa = PBXBuildFile; fileRef = 6839DF122A7FD1B6008B3FC7 /* TestViewController.swift */; };
		ED95D24649D88CE222A4794E /* Pods_FlexLayoutBasic.framework in Frameworks */ = {isa = PBXBuildFile; fileRef = 8163F6DDEDB8B679646117AB /* Pods_FlexLayoutBasic.framework */; };
/* End PBXBuildFile section */

/* Begin PBXFileReference section */
		00E7A3C9C3D026AABAE24B9A /* Pods-FlexLayoutBasic.debug.xcconfig */ = {isa = PBXFileReference; includeInIndex = 1; lastKnownFileType = text.xcconfig; name = "Pods-FlexLayoutBasic.debug.xcconfig"; path = "Target Support Files/Pods-FlexLayoutBasic/Pods-FlexLayoutBasic.debug.xcconfig"; sourceTree = "<group>"; };
		6839DEF52A7FC99A008B3FC7 /* FlexLayoutBasic.app */ = {isa = PBXFileReference; explicitFileType = wrapper.application; includeInIndex = 0; path = FlexLayoutBasic.app; sourceTree = BUILT_PRODUCTS_DIR; };
		6839DEF82A7FC99A008B3FC7 /* AppDelegate.swift */ = {isa = PBXFileReference; lastKnownFileType = sourcecode.swift; path = AppDelegate.swift; sourceTree = "<group>"; };
		6839DEFA2A7FC99A008B3FC7 /* SceneDelegate.swift */ = {isa = PBXFileReference; lastKnownFileType = sourcecode.swift; path = SceneDelegate.swift; sourceTree = "<group>"; };
		6839DEFC2A7FC99A008B3FC7 /* ViewController.swift */ = {isa = PBXFileReference; lastKnownFileType = sourcecode.swift; path = ViewController.swift; sourceTree = "<group>"; };
		6839DEFF2A7FC99A008B3FC7 /* Base */ = {isa = PBXFileReference; lastKnownFileType = file.storyboard; name = Base; path = Base.lproj/Main.storyboard; sourceTree = "<group>"; };
		6839DF012A7FC99B008B3FC7 /* Assets.xcassets */ = {isa = PBXFileReference; lastKnownFileType = folder.assetcatalog; path = Assets.xcassets; sourceTree = "<group>"; };
		6839DF042A7FC99B008B3FC7 /* Base */ = {isa = PBXFileReference; lastKnownFileType = file.storyboard; name = Base; path = Base.lproj/LaunchScreen.storyboard; sourceTree = "<group>"; };
		6839DF062A7FC99B008B3FC7 /* Info.plist */ = {isa = PBXFileReference; lastKnownFileType = text.plist.xml; path = Info.plist; sourceTree = "<group>"; };
		6839DF0C2A7FD0A9008B3FC7 /* BasicView.swift */ = {isa = PBXFileReference; lastKnownFileType = sourcecode.swift; path = BasicView.swift; sourceTree = "<group>"; };
		6839DF0E2A7FD0BA008B3FC7 /* Example1View.swift */ = {isa = PBXFileReference; lastKnownFileType = sourcecode.swift; path = Example1View.swift; sourceTree = "<group>"; };
		6839DF102A7FD187008B3FC7 /* BaseViewController.swift */ = {isa = PBXFileReference; lastKnownFileType = sourcecode.swift; path = BaseViewController.swift; sourceTree = "<group>"; };
		6839DF122A7FD1B6008B3FC7 /* TestViewController.swift */ = {isa = PBXFileReference; lastKnownFileType = sourcecode.swift; path = TestViewController.swift; sourceTree = "<group>"; };
		8163F6DDEDB8B679646117AB /* Pods_FlexLayoutBasic.framework */ = {isa = PBXFileReference; explicitFileType = wrapper.framework; includeInIndex = 0; path = Pods_FlexLayoutBasic.framework; sourceTree = BUILT_PRODUCTS_DIR; };
		8C8014F233987F70BDFC40E3 /* Pods-FlexLayoutBasic.release.xcconfig */ = {isa = PBXFileReference; includeInIndex = 1; lastKnownFileType = text.xcconfig; name = "Pods-FlexLayoutBasic.release.xcconfig"; path = "Target Support Files/Pods-FlexLayoutBasic/Pods-FlexLayoutBasic.release.xcconfig"; sourceTree = "<group>"; };
/* End PBXFileReference section */

/* Begin PBXFrameworksBuildPhase section */
		6839DEF22A7FC99A008B3FC7 /* Frameworks */ = {
			isa = PBXFrameworksBuildPhase;
			buildActionMask = 2147483647;
			files = (
				ED95D24649D88CE222A4794E /* Pods_FlexLayoutBasic.framework in Frameworks */,
			);
			runOnlyForDeploymentPostprocessing = 0;
		};
/* End PBXFrameworksBuildPhase section */

/* Begin PBXGroup section */
		49B6D33DE04F267F3E951899 /* Frameworks */ = {
			isa = PBXGroup;
			children = (
				8163F6DDEDB8B679646117AB /* Pods_FlexLayoutBasic.framework */,
			);
			name = Frameworks;
			sourceTree = "<group>";
		};
		6839DEEC2A7FC99A008B3FC7 = {
			isa = PBXGroup;
			children = (
				6839DEF72A7FC99A008B3FC7 /* FlexLayoutBasic */,
				6839DEF62A7FC99A008B3FC7 /* Products */,
				A27C5E3CA390DC65F8B2CE94 /* Pods */,
				49B6D33DE04F267F3E951899 /* Frameworks */,
			);
			sourceTree = "<group>";
		};
		6839DEF62A7FC99A008B3FC7 /* Products */ = {
			isa = PBXGroup;
			children = (
				6839DEF52A7FC99A008B3FC7 /* FlexLayoutBasic.app */,
			);
			name = Products;
			sourceTree = "<group>";
		};
		6839DEF72A7FC99A008B3FC7 /* FlexLayoutBasic */ = {
			isa = PBXGroup;
			children = (
				6839DEF82A7FC99A008B3FC7 /* AppDelegate.swift */,
				6839DEFA2A7FC99A008B3FC7 /* SceneDelegate.swift */,
				6839DF102A7FD187008B3FC7 /* BaseViewController.swift */,
				6839DEFC2A7FC99A008B3FC7 /* ViewController.swift */,
				6839DF122A7FD1B6008B3FC7 /* TestViewController.swift */,
				6839DF0E2A7FD0BA008B3FC7 /* Example1View.swift */,
				6839DF0C2A7FD0A9008B3FC7 /* BasicView.swift */,
				6839DEFE2A7FC99A008B3FC7 /* Main.storyboard */,
				6839DF012A7FC99B008B3FC7 /* Assets.xcassets */,
				6839DF032A7FC99B008B3FC7 /* LaunchScreen.storyboard */,
				6839DF062A7FC99B008B3FC7 /* Info.plist */,
			);
			path = FlexLayoutBasic;
			sourceTree = "<group>";
		};
		A27C5E3CA390DC65F8B2CE94 /* Pods */ = {
			isa = PBXGroup;
			children = (
				00E7A3C9C3D026AABAE24B9A /* Pods-FlexLayoutBasic.debug.xcconfig */,
				8C8014F233987F70BDFC40E3 /* Pods-FlexLayoutBasic.release.xcconfig */,
			);
			path = Pods;
			sourceTree = "<group>";
		};
/* End PBXGroup section */

/* Begin PBXNativeTarget section */
		6839DEF42A7FC99A008B3FC7 /* FlexLayoutBasic */ = {
			isa = PBXNativeTarget;
			buildConfigurationList = 6839DF092A7FC99B008B3FC7 /* Build configuration list for PBXNativeTarget "FlexLayoutBasic" */;
			buildPhases = (
				8F49F541CB247DFA1875E7E5 /* [CP] Check Pods Manifest.lock */,
				6839DEF12A7FC99A008B3FC7 /* Sources */,
				6839DEF22A7FC99A008B3FC7 /* Frameworks */,
				6839DEF32A7FC99A008B3FC7 /* Resources */,
				A18FFA171F4C45246F4795DA /* [CP] Embed Pods Frameworks */,
			);
			buildRules = (
			);
			dependencies = (
			);
			name = FlexLayoutBasic;
			productName = FlexLayoutBasic;
			productReference = 6839DEF52A7FC99A008B3FC7 /* FlexLayoutBasic.app */;
			productType = "com.apple.product-type.application";
		};
/* End PBXNativeTarget section */

/* Begin PBXProject section */
		6839DEED2A7FC99A008B3FC7 /* Project object */ = {
			isa = PBXProject;
			attributes = {
				BuildIndependentTargetsInParallel = 1;
				LastSwiftUpdateCheck = 1430;
				LastUpgradeCheck = 1430;
				TargetAttributes = {
					6839DEF42A7FC99A008B3FC7 = {
						CreatedOnToolsVersion = 14.3;
					};
				};
			};
			buildConfigurationList = 6839DEF02A7FC99A008B3FC7 /* Build configuration list for PBXProject "FlexLayoutBasic" */;
			compatibilityVersion = "Xcode 14.0";
			developmentRegion = en;
			hasScannedForEncodings = 0;
			knownRegions = (
				en,
				Base,
			);
			mainGroup = 6839DEEC2A7FC99A008B3FC7;
			productRefGroup = 6839DEF62A7FC99A008B3FC7 /* Products */;
			projectDirPath = "";
			projectRoot = "";
			targets = (
				6839DEF42A7FC99A008B3FC7 /* FlexLayoutBasic */,
			);
		};
/* End PBXProject section */

/* Begin PBXResourcesBuildPhase section */
		6839DEF32A7FC99A008B3FC7 /* Resources */ = {
			isa = PBXResourcesBuildPhase;
			buildActionMask = 2147483647;
			files = (
				6839DF052A7FC99B008B3FC7 /* LaunchScreen.storyboard in Resources */,
				6839DF022A7FC99B008B3FC7 /* Assets.xcassets in Resources */,
				6839DF002A7FC99A008B3FC7 /* Main.storyboard in Resources */,
			);
			runOnlyForDeploymentPostprocessing = 0;
		};
/* End PBXResourcesBuildPhase section */

/* Begin PBXShellScriptBuildPhase section */
		8F49F541CB247DFA1875E7E5 /* [CP] Check Pods Manifest.lock */ = {
			isa = PBXShellScriptBuildPhase;
			buildActionMask = 2147483647;
			files = (
			);
			inputFileListPaths = (
			);
			inputPaths = (
				"${PODS_PODFILE_DIR_PATH}/Podfile.lock",
				"${PODS_ROOT}/Manifest.lock",
			);
			name = "[CP] Check Pods Manifest.lock";
			outputFileListPaths = (
			);
			outputPaths = (
				"$(DERIVED_FILE_DIR)/Pods-FlexLayoutBasic-checkManifestLockResult.txt",
			);
			runOnlyForDeploymentPostprocessing = 0;
			shellPath = /bin/sh;
			shellScript = "diff \"${PODS_PODFILE_DIR_PATH}/Podfile.lock\" \"${PODS_ROOT}/Manifest.lock\" > /dev/null\nif [ $? != 0 ] ; then\n    # print error to STDERR\n    echo \"error: The sandbox is not in sync with the Podfile.lock. Run 'pod install' or update your CocoaPods installation.\" >&2\n    exit 1\nfi\n# This output is used by Xcode 'outputs' to avoid re-running this script phase.\necho \"SUCCESS\" > \"${SCRIPT_OUTPUT_FILE_0}\"\n";
			showEnvVarsInLog = 0;
		};
		A18FFA171F4C45246F4795DA /* [CP] Embed Pods Frameworks */ = {
			isa = PBXShellScriptBuildPhase;
			buildActionMask = 2147483647;
			files = (
			);
			inputFileListPaths = (
				"${PODS_ROOT}/Target Support Files/Pods-FlexLayoutBasic/Pods-FlexLayoutBasic-frameworks-${CONFIGURATION}-input-files.xcfilelist",
			);
			name = "[CP] Embed Pods Frameworks";
			outputFileListPaths = (
				"${PODS_ROOT}/Target Support Files/Pods-FlexLayoutBasic/Pods-FlexLayoutBasic-frameworks-${CONFIGURATION}-output-files.xcfilelist",
			);
			runOnlyForDeploymentPostprocessing = 0;
			shellPath = /bin/sh;
			shellScript = "\"${PODS_ROOT}/Target Support Files/Pods-FlexLayoutBasic/Pods-FlexLayoutBasic-frameworks.sh\"\n";
			showEnvVarsInLog = 0;
		};
/* End PBXShellScriptBuildPhase section */

/* Begin PBXSourcesBuildPhase section */
		6839DEF12A7FC99A008B3FC7 /* Sources */ = {
			isa = PBXSourcesBuildPhase;
			buildActionMask = 2147483647;
			files = (
				6839DF132A7FD1B6008B3FC7 /* TestViewController.swift in Sources */,
				6839DF0F2A7FD0BA008B3FC7 /* Example1View.swift in Sources */,
				6839DEFD2A7FC99A008B3FC7 /* ViewController.swift in Sources */,
				6839DEF92A7FC99A008B3FC7 /* AppDelegate.swift in Sources */,
				6839DEFB2A7FC99A008B3FC7 /* SceneDelegate.swift in Sources */,
				6839DF0D2A7FD0A9008B3FC7 /* BasicView.swift in Sources */,
				6839DF112A7FD187008B3FC7 /* BaseViewController.swift in Sources */,
			);
			runOnlyForDeploymentPostprocessing = 0;
		};
/* End PBXSourcesBuildPhase section */

/* Begin PBXVariantGroup section */
		6839DEFE2A7FC99A008B3FC7 /* Main.storyboard */ = {
			isa = PBXVariantGroup;
			children = (
				6839DEFF2A7FC99A008B3FC7 /* Base */,
			);
			name = Main.storyboard;
			sourceTree = "<group>";
		};
		6839DF032A7FC99B008B3FC7 /* LaunchScreen.storyboard */ = {
			isa = PBXVariantGroup;
			children = (
				6839DF042A7FC99B008B3FC7 /* Base */,
			);
			name = LaunchScreen.storyboard;
			sourceTree = "<group>";
		};
/* End PBXVariantGroup section */

/* Begin XCBuildConfiguration section */
		6839DF072A7FC99B008B3FC7 /* Debug */ = {
			isa = XCBuildConfiguration;
			buildSettings = {
				ALWAYS_SEARCH_USER_PATHS = NO;
				CLANG_ANALYZER_NONNULL = YES;
				CLANG_ANALYZER_NUMBER_OBJECT_CONVERSION = YES_AGGRESSIVE;
				CLANG_CXX_LANGUAGE_STANDARD = "gnu++20";
				CLANG_ENABLE_MODULES = YES;
				CLANG_ENABLE_OBJC_ARC = YES;
				CLANG_ENABLE_OBJC_WEAK = YES;
				CLANG_WARN_BLOCK_CAPTURE_AUTORELEASING = YES;
				CLANG_WARN_BOOL_CONVERSION = YES;
				CLANG_WARN_COMMA = YES;
				CLANG_WARN_CONSTANT_CONVERSION = YES;
				CLANG_WARN_DEPRECATED_OBJC_IMPLEMENTATIONS = YES;
				CLANG_WARN_DIRECT_OBJC_ISA_USAGE = YES_ERROR;
				CLANG_WARN_DOCUMENTATION_COMMENTS = YES;
				CLANG_WARN_EMPTY_BODY = YES;
				CLANG_WARN_ENUM_CONVERSION = YES;
				CLANG_WARN_INFINITE_RECURSION = YES;
				CLANG_WARN_INT_CONVERSION = YES;
				CLANG_WARN_NON_LITERAL_NULL_CONVERSION = YES;
				CLANG_WARN_OBJC_IMPLICIT_RETAIN_SELF = YES;
				CLANG_WARN_OBJC_LITERAL_CONVERSION = YES;
				CLANG_WARN_OBJC_ROOT_CLASS = YES_ERROR;
				CLANG_WARN_QUOTED_INCLUDE_IN_FRAMEWORK_HEADER = YES;
				CLANG_WARN_RANGE_LOOP_ANALYSIS = YES;
				CLANG_WARN_STRICT_PROTOTYPES = YES;
				CLANG_WARN_SUSPICIOUS_MOVE = YES;
				CLANG_WARN_UNGUARDED_AVAILABILITY = YES_AGGRESSIVE;
				CLANG_WARN_UNREACHABLE_CODE = YES;
				CLANG_WARN__DUPLICATE_METHOD_MATCH = YES;
				COPY_PHASE_STRIP = NO;
				DEBUG_INFORMATION_FORMAT = dwarf;
				ENABLE_STRICT_OBJC_MSGSEND = YES;
				ENABLE_TESTABILITY = YES;
				GCC_C_LANGUAGE_STANDARD = gnu11;
				GCC_DYNAMIC_NO_PIC = NO;
				GCC_NO_COMMON_BLOCKS = YES;
				GCC_OPTIMIZATION_LEVEL = 0;
				GCC_PREPROCESSOR_DEFINITIONS = (
					"DEBUG=1",
					"$(inherited)",
				);
				GCC_WARN_64_TO_32_BIT_CONVERSION = YES;
				GCC_WARN_ABOUT_RETURN_TYPE = YES_ERROR;
				GCC_WARN_UNDECLARED_SELECTOR = YES;
				GCC_WARN_UNINITIALIZED_AUTOS = YES_AGGRESSIVE;
				GCC_WARN_UNUSED_FUNCTION = YES;
				GCC_WARN_UNUSED_VARIABLE = YES;
				IPHONEOS_DEPLOYMENT_TARGET = 16.4;
				MTL_ENABLE_DEBUG_INFO = INCLUDE_SOURCE;
				MTL_FAST_MATH = YES;
				ONLY_ACTIVE_ARCH = YES;
				SDKROOT = iphoneos;
				SWIFT_ACTIVE_COMPILATION_CONDITIONS = DEBUG;
				SWIFT_OPTIMIZATION_LEVEL = "-Onone";
			};
			name = Debug;
		};
		6839DF082A7FC99B008B3FC7 /* Release */ = {
			isa = XCBuildConfiguration;
			buildSettings = {
				ALWAYS_SEARCH_USER_PATHS = NO;
				CLANG_ANALYZER_NONNULL = YES;
				CLANG_ANALYZER_NUMBER_OBJECT_CONVERSION = YES_AGGRESSIVE;
				CLANG_CXX_LANGUAGE_STANDARD = "gnu++20";
				CLANG_ENABLE_MODULES = YES;
				CLANG_ENABLE_OBJC_ARC = YES;
				CLANG_ENABLE_OBJC_WEAK = YES;
				CLANG_WARN_BLOCK_CAPTURE_AUTORELEASING = YES;
				CLANG_WARN_BOOL_CONVERSION = YES;
				CLANG_WARN_COMMA = YES;
				CLANG_WARN_CONSTANT_CONVERSION = YES;
				CLANG_WARN_DEPRECATED_OBJC_IMPLEMENTATIONS = YES;
				CLANG_WARN_DIRECT_OBJC_ISA_USAGE = YES_ERROR;
				CLANG_WARN_DOCUMENTATION_COMMENTS = YES;
				CLANG_WARN_EMPTY_BODY = YES;
				CLANG_WARN_ENUM_CONVERSION = YES;
				CLANG_WARN_INFINITE_RECURSION = YES;
				CLANG_WARN_INT_CONVERSION = YES;
				CLANG_WARN_NON_LITERAL_NULL_CONVERSION = YES;
				CLANG_WARN_OBJC_IMPLICIT_RETAIN_SELF = YES;
				CLANG_WARN_OBJC_LITERAL_CONVERSION = YES;
				CLANG_WARN_OBJC_ROOT_CLASS = YES_ERROR;
				CLANG_WARN_QUOTED_INCLUDE_IN_FRAMEWORK_HEADER = YES;
				CLANG_WARN_RANGE_LOOP_ANALYSIS = YES;
				CLANG_WARN_STRICT_PROTOTYPES = YES;
				CLANG_WARN_SUSPICIOUS_MOVE = YES;
				CLANG_WARN_UNGUARDED_AVAILABILITY = YES_AGGRESSIVE;
				CLANG_WARN_UNREACHABLE_CODE = YES;
				CLANG_WARN__DUPLICATE_METHOD_MATCH = YES;
				COPY_PHASE_STRIP = NO;
				DEBUG_INFORMATION_FORMAT = "dwarf-with-dsym";
				ENABLE_NS_ASSERTIONS = NO;
				ENABLE_STRICT_OBJC_MSGSEND = YES;
				GCC_C_LANGUAGE_STANDARD = gnu11;
				GCC_NO_COMMON_BLOCKS = YES;
				GCC_WARN_64_TO_32_BIT_CONVERSION = YES;
				GCC_WARN_ABOUT_RETURN_TYPE = YES_ERROR;
				GCC_WARN_UNDECLARED_SELECTOR = YES;
				GCC_WARN_UNINITIALIZED_AUTOS = YES_AGGRESSIVE;
				GCC_WARN_UNUSED_FUNCTION = YES;
				GCC_WARN_UNUSED_VARIABLE = YES;
				IPHONEOS_DEPLOYMENT_TARGET = 16.4;
				MTL_ENABLE_DEBUG_INFO = NO;
				MTL_FAST_MATH = YES;
				SDKROOT = iphoneos;
				SWIFT_COMPILATION_MODE = wholemodule;
				SWIFT_OPTIMIZATION_LEVEL = "-O";
				VALIDATE_PRODUCT = YES;
			};
			name = Release;
		};
		6839DF0A2A7FC99B008B3FC7 /* Debug */ = {
			isa = XCBuildConfiguration;
			baseConfigurationReference = 00E7A3C9C3D026AABAE24B9A /* Pods-FlexLayoutBasic.debug.xcconfig */;
			buildSettings = {
				ASSETCATALOG_COMPILER_APPICON_NAME = AppIcon;
				ASSETCATALOG_COMPILER_GLOBAL_ACCENT_COLOR_NAME = AccentColor;
				CODE_SIGN_STYLE = Automatic;
				CURRENT_PROJECT_VERSION = 1;
				DEVELOPMENT_TEAM = X2WF6FR3RY;
				GENERATE_INFOPLIST_FILE = YES;
				INFOPLIST_FILE = FlexLayoutBasic/Info.plist;
				INFOPLIST_KEY_UIApplicationSupportsIndirectInputEvents = YES;
				INFOPLIST_KEY_UILaunchStoryboardName = LaunchScreen;
				INFOPLIST_KEY_UIMainStoryboardFile = Main;
				INFOPLIST_KEY_UISupportedInterfaceOrientations_iPad = "UIInterfaceOrientationPortrait UIInterfaceOrientationPortraitUpsideDown UIInterfaceOrientationLandscapeLeft UIInterfaceOrientationLandscapeRight";
				INFOPLIST_KEY_UISupportedInterfaceOrientations_iPhone = "UIInterfaceOrientationPortrait UIInterfaceOrientationLandscapeLeft UIInterfaceOrientationLandscapeRight";
				LD_RUNPATH_SEARCH_PATHS = (
					"$(inherited)",
					"@executable_path/Frameworks",
				);
				MARKETING_VERSION = 1.0;
				PRODUCT_BUNDLE_IDENTIFIER = ann.beckwon.FlexLayoutBasic;
				PRODUCT_NAME = "$(TARGET_NAME)";
				SWIFT_EMIT_LOC_STRINGS = YES;
				SWIFT_VERSION = 5.0;
				TARGETED_DEVICE_FAMILY = "1,2";
			};
			name = Debug;
		};
		6839DF0B2A7FC99B008B3FC7 /* Release */ = {
			isa = XCBuildConfiguration;
			baseConfigurationReference = 8C8014F233987F70BDFC40E3 /* Pods-FlexLayoutBasic.release.xcconfig */;
			buildSettings = {
				ASSETCATALOG_COMPILER_APPICON_NAME = AppIcon;
				ASSETCATALOG_COMPILER_GLOBAL_ACCENT_COLOR_NAME = AccentColor;
				CODE_SIGN_STYLE = Automatic;
				CURRENT_PROJECT_VERSION = 1;
				DEVELOPMENT_TEAM = X2WF6FR3RY;
				GENERATE_INFOPLIST_FILE = YES;
				INFOPLIST_FILE = FlexLayoutBasic/Info.plist;
				INFOPLIST_KEY_UIApplicationSupportsIndirectInputEvents = YES;
				INFOPLIST_KEY_UILaunchStoryboardName = LaunchScreen;
				INFOPLIST_KEY_UIMainStoryboardFile = Main;
				INFOPLIST_KEY_UISupportedInterfaceOrientations_iPad = "UIInterfaceOrientationPortrait UIInterfaceOrientationPortraitUpsideDown UIInterfaceOrientationLandscapeLeft UIInterfaceOrientationLandscapeRight";
				INFOPLIST_KEY_UISupportedInterfaceOrientations_iPhone = "UIInterfaceOrientationPortrait UIInterfaceOrientationLandscapeLeft UIInterfaceOrientationLandscapeRight";
				LD_RUNPATH_SEARCH_PATHS = (
					"$(inherited)",
					"@executable_path/Frameworks",
				);
				MARKETING_VERSION = 1.0;
				PRODUCT_BUNDLE_IDENTIFIER = ann.beckwon.FlexLayoutBasic;
				PRODUCT_NAME = "$(TARGET_NAME)";
				SWIFT_EMIT_LOC_STRINGS = YES;
				SWIFT_VERSION = 5.0;
				TARGETED_DEVICE_FAMILY = "1,2";
			};
			name = Release;
		};
/* End XCBuildConfiguration section */

/* Begin XCConfigurationList section */
		6839DEF02A7FC99A008B3FC7 /* Build configuration list for PBXProject "FlexLayoutBasic" */ = {
			isa = XCConfigurationList;
			buildConfigurations = (
				6839DF072A7FC99B008B3FC7 /* Debug */,
				6839DF082A7FC99B008B3FC7 /* Release */,
			);
			defaultConfigurationIsVisible = 0;
			defaultConfigurationName = Release;
		};
		6839DF092A7FC99B008B3FC7 /* Build configuration list for PBXNativeTarget "FlexLayoutBasic" */ = {
			isa = XCConfigurationList;
			buildConfigurations = (
				6839DF0A2A7FC99B008B3FC7 /* Debug */,
				6839DF0B2A7FC99B008B3FC7 /* Release */,
			);
			defaultConfigurationIsVisible = 0;
			defaultConfigurationName = Release;
		};
/* End XCConfigurationList section */
	};
	rootObject = 6839DEED2A7FC99A008B3FC7 /* Project object */;
}
